{
  "version": 4,
  "terraform_version": "1.9.2",
  "serial": 871,
  "lineage": "554aca94-1b00-0f50-6a10-be6a517357f6",
  "outputs": {
    "build": {
      "value": {
        "id": "427ce592a9be366d",
        "package": "/tmp/build-427ce592a9be366d/minipay-airdrop-1-0-1-590cbf56c81a71c355cbe134bc7cb003cf0d3dc5.zip",
        "release": "minipay-airdrop-1-0-1-590cbf56c81a71c355cbe134bc7cb003cf0d3dc5"
      },
      "type": [
        "object",
        {
          "id": "string",
          "package": "string",
          "release": "string"
        }
      ]
    },
    "function_uris": {
      "value": {
        "external": "https://minipay-api-external-a4neydykmq-uc.a.run.app",
        "internal": "https://minipay-api-internal-a4neydykmq-uc.a.run.app"
      },
      "type": [
        "object",
        {
          "external": "string",
          "internal": "string"
        }
      ]
    }
  },
  "resources": [
    {
      "module": "module.build",
      "mode": "data",
      "type": "archive_file",
      "name": "source",
      "provider": "provider[\"registry.terraform.io/hashicorp/archive\"]",
      "instances": [
        {
          "schema_version": 0,
          "attributes": {
            "exclude_symlink_directories": null,
            "excludes": null,
            "id": "8f714f1bca4237bb347223b80527aae736ac2def",
            "output_base64sha256": "cfpu4KYvHqYmz+2kxne8oGg//8F9lLtminKf9TcNkEI=",
            "output_base64sha512": "DXPTXUVVhIzPFxckWxUz+1NLSjTCnozVMLGoARWwS1SKOTF1eoJjW9SkG/XMWNIZfdkjf2GwlmpKfhEVyB+xSw==",
            "output_file_mode": null,
            "output_md5": "1c43059c5cce21de653d1f0289748bf6",
            "output_path": "/tmp/build-427ce592a9be366d/minipay-airdrop-1-0-1-590cbf56c81a71c355cbe134bc7cb003cf0d3dc5.zip",
            "output_sha": "8f714f1bca4237bb347223b80527aae736ac2def",
            "output_sha256": "71fa6ee0a62f1ea626cfeda4c677bca0683fffc17d94bb668a729ff5370d9042",
            "output_sha512": "0d73d35d4555848ccf1717245b1533fb534b4a34c29e8cd530b1a80115b04b548a3931757a82635bd4a41bf5cc58d2197dd9237f61b0966a4a7e1115c81fb14b",
            "output_size": 85523,
            "source": [],
            "source_content": null,
            "source_content_filename": null,
            "source_dir": "/tmp/build-427ce592a9be366d/package",
            "source_file": null,
            "type": "zip"
          },
          "sensitive_attributes": []
        }
      ]
    },
    {
      "module": "module.build",
      "mode": "data",
      "type": "external",
      "name": "git",
      "provider": "provider[\"registry.terraform.io/hashicorp/external\"]",
      "instances": [
        {
          "schema_version": 0,
          "attributes": {
            "id": "-",
            "program": [
              "git",
              "log",
              "--pretty=format:{ \"sha\": \"%H\" }",
              "-1",
              "HEAD"
            ],
            "query": null,
            "result": {
              "sha": "590cbf56c81a71c355cbe134bc7cb003cf0d3dc5"
            },
            "working_dir": "./../"
          },
          "sensitive_attributes": []
        }
      ]
    },
    {
      "module": "module.build",
      "mode": "managed",
      "type": "null_resource",
      "name": "build_and_pack",
      "provider": "provider[\"registry.terraform.io/hashicorp/null\"]",
      "instances": [
        {
          "schema_version": 0,
          "attributes": {
            "id": "999480992612785222",
            "triggers": null
          },
          "sensitive_attributes": [],
          "dependencies": [
            "module.build.random_id.build_id"
          ]
        }
      ]
    },
    {
      "module": "module.build",
      "mode": "managed",
      "type": "null_resource",
      "name": "unpack",
      "provider": "provider[\"registry.terraform.io/hashicorp/null\"]",
      "instances": [
        {
          "schema_version": 0,
          "attributes": {
            "id": "8489977602915493670",
            "triggers": null
          },
          "sensitive_attributes": [],
          "dependencies": [
            "module.build.null_resource.build_and_pack",
            "module.build.random_id.build_id"
          ]
        }
      ]
    },
    {
      "module": "module.build",
      "mode": "managed",
      "type": "random_id",
      "name": "build_id",
      "provider": "provider[\"registry.terraform.io/hashicorp/random\"]",
      "instances": [
        {
          "schema_version": 0,
          "attributes": {
            "b64_std": "Qnzlkqm+Nm0=",
            "b64_url": "Qnzlkqm-Nm0",
            "byte_length": 8,
            "dec": "4790956521691166317",
            "hex": "427ce592a9be366d",
            "id": "Qnzlkqm-Nm0",
            "keepers": {
              "time": "2024-07-26T10:11:05Z"
            },
            "prefix": null
          },
          "sensitive_attributes": []
        }
      ]
    },
    {
      "module": "module.external_cf",
      "mode": "managed",
      "type": "google_cloud_run_service_iam_member",
      "name": "public-access",
      "provider": "module.external_cf.provider[\"registry.terraform.io/hashicorp/google\"]",
      "instances": [
        {
          "schema_version": 0,
          "attributes": {
            "condition": [],
            "etag": "BwYeI7/CpQA=",
            "id": "v1/projects/mento-prod/locations/us-central1/services/minipay-api-external/roles/run.invoker/allUsers",
            "location": "us-central1",
            "member": "allUsers",
            "project": "mento-prod",
            "role": "roles/run.invoker",
            "service": "v1/projects/mento-prod/locations/us-central1/services/minipay-api-external"
          },
          "sensitive_attributes": [],
          "private": "bnVsbA==",
          "dependencies": [
            "module.build.data.archive_file.source",
            "module.build.data.external.git",
            "module.build.null_resource.build_and_pack",
            "module.build.null_resource.unpack",
            "module.build.random_id.build_id",
            "module.external_cf.google_cloudfunctions2_function.function",
            "module.external_cf.google_storage_bucket.source",
            "module.external_cf.google_storage_bucket_object.source",
            "module.external_cf.random_id.bucket"
          ]
        }
      ]
    },
    {
      "module": "module.external_cf",
      "mode": "managed",
      "type": "google_cloudfunctions2_function",
      "name": "function",
      "provider": "module.external_cf.provider[\"registry.terraform.io/hashicorp/google\"]",
      "instances": [
        {
          "schema_version": 0,
          "attributes": {
            "build_config": [
              {
                "automatic_update_policy": [
                  {}
                ],
                "build": "projects/12390052758/locations/us-central1/builds/e16cea7a-de43-4016-b1cc-1ae2dd64e531",
                "docker_repository": "projects/mento-prod/locations/us-central1/repositories/gcf-artifacts",
                "entry_point": "external",
                "environment_variables": {
                  "VERSION": "minipay-airdrop-1-0-1-590cbf56c81a71c355cbe134bc7cb003cf0d3dc5"
                },
                "on_deploy_update_policy": [],
                "runtime": "nodejs20",
                "service_account": "",
                "source": [
                  {
                    "repo_source": [],
                    "storage_source": [
                      {
                        "bucket": "8bd4afe53eece5ef-minipay-cloud-fn-source",
                        "generation": 1721988672732789,
                        "object": "minipay-airdrop-1-0-1-590cbf56c81a71c355cbe134bc7cb003cf0d3dc5.zip"
                      }
                    ]
                  }
                ],
                "worker_pool": ""
              }
            ],
            "description": "  External API for getting the MiniPay airdrop allocation.\n",
            "effective_labels": {
              "deployment-tool": "terraform",
              "version": "minipay-airdrop-1-0-1-590cbf56c81a71c355cbe134bc7cb003cf0d3dc5"
            },
            "environment": "GEN_2",
            "event_trigger": [],
            "id": "projects/mento-prod/locations/us-central1/functions/minipay-api-external",
            "kms_key_name": "",
            "labels": {
              "deployment-tool": "terraform",
              "version": "minipay-airdrop-1-0-1-590cbf56c81a71c355cbe134bc7cb003cf0d3dc5"
            },
            "location": "us-central1",
            "name": "minipay-api-external",
            "project": "mento-prod",
            "service_config": [
              {
                "all_traffic_on_latest_revision": true,
                "available_cpu": "0.1666",
                "available_memory": "256M",
                "environment_variables": {
                  "LOG_EXECUTION_ID": "true"
                },
                "gcf_uri": "",
                "ingress_settings": "ALLOW_INTERNAL_AND_GCLB",
                "max_instance_count": 10,
                "max_instance_request_concurrency": 1,
                "min_instance_count": 1,
                "secret_environment_variables": [],
                "secret_volumes": [],
                "service": "projects/mento-prod/locations/us-central1/services/minipay-api-external",
                "service_account_email": "12390052758-compute@developer.gserviceaccount.com",
                "timeout_seconds": 60,
                "uri": "https://minipay-api-external-a4neydykmq-uc.a.run.app",
                "vpc_connector": "",
                "vpc_connector_egress_settings": ""
              }
            ],
            "state": "ACTIVE",
            "terraform_labels": {
              "deployment-tool": "terraform",
              "version": "minipay-airdrop-1-0-1-590cbf56c81a71c355cbe134bc7cb003cf0d3dc5"
            },
            "timeouts": null,
            "update_time": "2024-07-26T10:12:27.043744798Z",
            "url": "https://us-central1-mento-prod.cloudfunctions.net/minipay-api-external"
          },
          "sensitive_attributes": [],
          "private": "eyJlMmJmYjczMC1lY2FhLTExZTYtOGY4OC0zNDM2M2JjN2M0YzAiOnsiY3JlYXRlIjozNjAwMDAwMDAwMDAwLCJkZWxldGUiOjM2MDAwMDAwMDAwMDAsInVwZGF0ZSI6MzYwMDAwMDAwMDAwMH19",
          "dependencies": [
            "module.build.data.archive_file.source",
            "module.build.data.external.git",
            "module.build.null_resource.build_and_pack",
            "module.build.null_resource.unpack",
            "module.build.random_id.build_id",
            "module.external_cf.google_storage_bucket.source",
            "module.external_cf.google_storage_bucket_object.source",
            "module.external_cf.random_id.bucket"
          ]
        }
      ]
    },
    {
      "module": "module.external_cf",
      "mode": "managed",
      "type": "google_storage_bucket",
      "name": "source",
      "provider": "module.external_cf.provider[\"registry.terraform.io/hashicorp/google\"]",
      "instances": [
        {
          "schema_version": 1,
          "attributes": {
            "autoclass": [],
            "cors": [],
            "custom_placement_config": [],
            "default_event_based_hold": false,
            "effective_labels": {},
            "enable_object_retention": false,
            "encryption": [],
            "force_destroy": false,
            "id": "8bd4afe53eece5ef-minipay-cloud-fn-source",
            "labels": null,
            "lifecycle_rule": [],
            "location": "US",
            "logging": [],
            "name": "8bd4afe53eece5ef-minipay-cloud-fn-source",
            "project": "mento-prod",
            "project_number": 12390052758,
            "public_access_prevention": "enforced",
            "requester_pays": false,
            "retention_policy": [],
            "rpo": "DEFAULT",
            "self_link": "https://www.googleapis.com/storage/v1/b/8bd4afe53eece5ef-minipay-cloud-fn-source",
            "soft_delete_policy": [
              {
                "effective_time": "2024-07-26T10:11:08.479Z",
                "retention_duration_seconds": 604800
              }
            ],
            "storage_class": "STANDARD",
            "terraform_labels": {},
            "timeouts": null,
            "uniform_bucket_level_access": true,
            "url": "gs://8bd4afe53eece5ef-minipay-cloud-fn-source",
            "versioning": [],
            "website": []
          },
          "sensitive_attributes": [],
          "private": "eyJlMmJmYjczMC1lY2FhLTExZTYtOGY4OC0zNDM2M2JjN2M0YzAiOnsiY3JlYXRlIjo2MDAwMDAwMDAwMDAsInJlYWQiOjI0MDAwMDAwMDAwMCwidXBkYXRlIjoyNDAwMDAwMDAwMDB9LCJzY2hlbWFfdmVyc2lvbiI6IjEifQ==",
          "dependencies": [
            "module.external_cf.random_id.bucket"
          ]
        }
      ]
    },
    {
      "module": "module.external_cf",
      "mode": "managed",
      "type": "google_storage_bucket_object",
      "name": "source",
      "provider": "module.external_cf.provider[\"registry.terraform.io/hashicorp/google\"]",
      "instances": [
        {
          "schema_version": 0,
          "attributes": {
            "bucket": "8bd4afe53eece5ef-minipay-cloud-fn-source",
            "cache_control": "",
            "content": null,
            "content_disposition": "",
            "content_encoding": "",
            "content_language": "",
            "content_type": "application/zip",
            "crc32c": "jkeziA==",
            "customer_encryption": [],
            "detect_md5hash": "HEMFnFzOId5lPR8CiXSL9g==",
            "event_based_hold": false,
            "id": "8bd4afe53eece5ef-minipay-cloud-fn-source-minipay-airdrop-1-0-1-590cbf56c81a71c355cbe134bc7cb003cf0d3dc5.zip",
            "kms_key_name": "",
            "md5hash": "HEMFnFzOId5lPR8CiXSL9g==",
            "media_link": "https://storage.googleapis.com/download/storage/v1/b/8bd4afe53eece5ef-minipay-cloud-fn-source/o/minipay-airdrop-1-0-1-590cbf56c81a71c355cbe134bc7cb003cf0d3dc5.zip?generation=1721988671128825\u0026alt=media",
            "metadata": null,
            "name": "minipay-airdrop-1-0-1-590cbf56c81a71c355cbe134bc7cb003cf0d3dc5.zip",
            "output_name": "minipay-airdrop-1-0-1-590cbf56c81a71c355cbe134bc7cb003cf0d3dc5.zip",
            "retention": [],
            "self_link": "https://www.googleapis.com/storage/v1/b/8bd4afe53eece5ef-minipay-cloud-fn-source/o/minipay-airdrop-1-0-1-590cbf56c81a71c355cbe134bc7cb003cf0d3dc5.zip",
            "source": "/tmp/build-427ce592a9be366d/minipay-airdrop-1-0-1-590cbf56c81a71c355cbe134bc7cb003cf0d3dc5.zip",
            "storage_class": "STANDARD",
            "temporary_hold": false,
            "timeouts": null
          },
          "sensitive_attributes": [
            [
              {
                "type": "get_attr",
                "value": "content"
              }
            ]
          ],
          "private": "eyJlMmJmYjczMC1lY2FhLTExZTYtOGY4OC0zNDM2M2JjN2M0YzAiOnsiY3JlYXRlIjoyNDAwMDAwMDAwMDAsImRlbGV0ZSI6MjQwMDAwMDAwMDAwLCJ1cGRhdGUiOjI0MDAwMDAwMDAwMH19",
          "dependencies": [
            "module.build.data.archive_file.source",
            "module.build.data.external.git",
            "module.build.null_resource.build_and_pack",
            "module.build.null_resource.unpack",
            "module.build.random_id.build_id",
            "module.external_cf.google_storage_bucket.source",
            "module.external_cf.random_id.bucket"
          ]
        }
      ]
    },
    {
      "module": "module.external_cf",
      "mode": "managed",
      "type": "random_id",
      "name": "bucket",
      "provider": "provider[\"registry.terraform.io/hashicorp/random\"]",
      "instances": [
        {
          "schema_version": 0,
          "attributes": {
            "b64_std": "i9Sv5T7s5e8=",
            "b64_url": "i9Sv5T7s5e8",
            "byte_length": 8,
            "dec": "10075871665472726511",
            "hex": "8bd4afe53eece5ef",
            "id": "i9Sv5T7s5e8",
            "keepers": null,
            "prefix": null
          },
          "sensitive_attributes": []
        }
      ]
    },
    {
      "module": "module.internal_cf",
      "mode": "managed",
      "type": "google_cloud_run_service_iam_member",
      "name": "public-access",
      "provider": "module.internal_cf.provider[\"registry.terraform.io/hashicorp/google\"]",
      "instances": [
        {
          "schema_version": 0,
          "attributes": {
            "condition": [],
            "etag": "BwYeI49tF+s=",
            "id": "v1/projects/mento-prod/locations/us-central1/services/minipay-api-internal/roles/run.invoker/allUsers",
            "location": "us-central1",
            "member": "allUsers",
            "project": "mento-prod",
            "role": "roles/run.invoker",
            "service": "v1/projects/mento-prod/locations/us-central1/services/minipay-api-internal"
          },
          "sensitive_attributes": [],
          "private": "bnVsbA==",
          "dependencies": [
            "module.build.data.archive_file.source",
            "module.build.data.external.git",
            "module.build.null_resource.build_and_pack",
            "module.build.null_resource.unpack",
            "module.build.random_id.build_id",
            "module.internal_cf.google_cloudfunctions2_function.function",
            "module.internal_cf.google_storage_bucket.source",
            "module.internal_cf.google_storage_bucket_object.source",
            "module.internal_cf.random_id.bucket"
          ]
        }
      ]
    },
    {
      "module": "module.internal_cf",
      "mode": "managed",
      "type": "google_cloudfunctions2_function",
      "name": "function",
      "provider": "module.internal_cf.provider[\"registry.terraform.io/hashicorp/google\"]",
      "instances": [
        {
          "schema_version": 0,
          "attributes": {
            "build_config": [
              {
                "automatic_update_policy": [
                  {}
                ],
                "build": "projects/12390052758/locations/us-central1/builds/b6df4efd-44fb-46a1-96bc-9db605757d1f",
                "docker_repository": "projects/mento-prod/locations/us-central1/repositories/gcf-artifacts",
                "entry_point": "internal",
                "environment_variables": {
                  "DUNE_API_KEY": "todo",
                  "GOOGLE_LOCATION": "us-central1",
                  "GOOGLE_PROJECT": "mento-prod",
                  "GOOGLE_TASK_QUEUE": "todo",
                  "IMPORT_BATCH_SIZE": "30000",
                  "IMPORT_TASK_URL": "todo",
                  "REDIS_INSERT_CONCURRENCY": "10000",
                  "VERSION": "minipay-airdrop-1-0-1-590cbf56c81a71c355cbe134bc7cb003cf0d3dc5"
                },
                "on_deploy_update_policy": [],
                "runtime": "nodejs20",
                "service_account": "",
                "source": [
                  {
                    "repo_source": [],
                    "storage_source": [
                      {
                        "bucket": "e6455f754ba26dbe-minipay-cloud-fn-source",
                        "generation": 1721988309798527,
                        "object": "minipay-airdrop-1-0-1-590cbf56c81a71c355cbe134bc7cb003cf0d3dc5.zip"
                      }
                    ]
                  }
                ],
                "worker_pool": ""
              }
            ],
            "description": "  Internal API for running the tasks that import data from Dune into Redis to be served by the external API\n",
            "effective_labels": {
              "deployment-tool": "terraform",
              "version": "minipay-airdrop-1-0-1-590cbf56c81a71c355cbe134bc7cb003cf0d3dc5"
            },
            "environment": "GEN_2",
            "event_trigger": [],
            "id": "projects/mento-prod/locations/us-central1/functions/minipay-api-internal",
            "kms_key_name": "",
            "labels": {
              "deployment-tool": "terraform",
              "version": "minipay-airdrop-1-0-1-590cbf56c81a71c355cbe134bc7cb003cf0d3dc5"
            },
            "location": "us-central1",
            "name": "minipay-api-internal",
            "project": "mento-prod",
            "service_config": [
              {
                "all_traffic_on_latest_revision": true,
                "available_cpu": "0.1666",
                "available_memory": "256M",
                "environment_variables": {
                  "LOG_EXECUTION_ID": "true"
                },
                "gcf_uri": "",
                "ingress_settings": "ALLOW_INTERNAL_ONLY",
                "max_instance_count": 10,
                "max_instance_request_concurrency": 1,
                "min_instance_count": 0,
                "secret_environment_variables": [],
                "secret_volumes": [],
                "service": "projects/mento-prod/locations/us-central1/services/minipay-api-internal",
                "service_account_email": "12390052758-compute@developer.gserviceaccount.com",
                "timeout_seconds": 60,
                "uri": "https://minipay-api-internal-a4neydykmq-uc.a.run.app",
                "vpc_connector": "",
                "vpc_connector_egress_settings": ""
              }
            ],
            "state": "ACTIVE",
            "terraform_labels": {
              "deployment-tool": "terraform",
              "version": "minipay-airdrop-1-0-1-590cbf56c81a71c355cbe134bc7cb003cf0d3dc5"
            },
            "timeouts": null,
            "update_time": "2024-07-26T10:06:09.375335031Z",
            "url": "https://us-central1-mento-prod.cloudfunctions.net/minipay-api-internal"
          },
          "sensitive_attributes": [],
          "private": "eyJlMmJmYjczMC1lY2FhLTExZTYtOGY4OC0zNDM2M2JjN2M0YzAiOnsiY3JlYXRlIjozNjAwMDAwMDAwMDAwLCJkZWxldGUiOjM2MDAwMDAwMDAwMDAsInVwZGF0ZSI6MzYwMDAwMDAwMDAwMH19",
          "dependencies": [
            "module.build.data.archive_file.source",
            "module.build.data.external.git",
            "module.build.null_resource.build_and_pack",
            "module.build.null_resource.unpack",
            "module.build.random_id.build_id",
            "module.internal_cf.google_storage_bucket.source",
            "module.internal_cf.google_storage_bucket_object.source",
            "module.internal_cf.random_id.bucket"
          ]
        }
      ]
    },
    {
      "module": "module.internal_cf",
      "mode": "managed",
      "type": "google_storage_bucket",
      "name": "source",
      "provider": "module.internal_cf.provider[\"registry.terraform.io/hashicorp/google\"]",
      "instances": [
        {
          "schema_version": 1,
          "attributes": {
            "autoclass": [],
            "cors": [],
            "custom_placement_config": [],
            "default_event_based_hold": false,
            "effective_labels": {},
            "enable_object_retention": false,
            "encryption": [],
            "force_destroy": false,
            "id": "e6455f754ba26dbe-minipay-cloud-fn-source",
            "labels": {},
            "lifecycle_rule": [],
            "location": "US",
            "logging": [],
            "name": "e6455f754ba26dbe-minipay-cloud-fn-source",
            "project": "mento-prod",
            "project_number": 12390052758,
            "public_access_prevention": "enforced",
            "requester_pays": false,
            "retention_policy": [],
            "rpo": "DEFAULT",
            "self_link": "https://www.googleapis.com/storage/v1/b/e6455f754ba26dbe-minipay-cloud-fn-source",
            "soft_delete_policy": [
              {
                "effective_time": "2024-07-26T08:58:27.364Z",
                "retention_duration_seconds": 604800
              }
            ],
            "storage_class": "STANDARD",
            "terraform_labels": {},
            "timeouts": null,
            "uniform_bucket_level_access": true,
            "url": "gs://e6455f754ba26dbe-minipay-cloud-fn-source",
            "versioning": [],
            "website": []
          },
          "sensitive_attributes": [],
          "private": "eyJlMmJmYjczMC1lY2FhLTExZTYtOGY4OC0zNDM2M2JjN2M0YzAiOnsiY3JlYXRlIjo2MDAwMDAwMDAwMDAsInJlYWQiOjI0MDAwMDAwMDAwMCwidXBkYXRlIjoyNDAwMDAwMDAwMDB9LCJzY2hlbWFfdmVyc2lvbiI6IjEifQ==",
          "dependencies": [
            "module.internal_cf.random_id.bucket"
          ]
        }
      ]
    },
    {
      "module": "module.internal_cf",
      "mode": "managed",
      "type": "google_storage_bucket_object",
      "name": "source",
      "provider": "module.internal_cf.provider[\"registry.terraform.io/hashicorp/google\"]",
      "instances": [
        {
          "schema_version": 0,
          "attributes": {
            "bucket": "e6455f754ba26dbe-minipay-cloud-fn-source",
            "cache_control": "",
            "content": null,
            "content_disposition": "",
            "content_encoding": "",
            "content_language": "",
            "content_type": "application/zip",
            "crc32c": "jkeziA==",
            "customer_encryption": [],
            "detect_md5hash": "HEMFnFzOId5lPR8CiXSL9g==",
            "event_based_hold": false,
            "id": "e6455f754ba26dbe-minipay-cloud-fn-source-minipay-airdrop-1-0-1-590cbf56c81a71c355cbe134bc7cb003cf0d3dc5.zip",
            "kms_key_name": "",
            "md5hash": "HEMFnFzOId5lPR8CiXSL9g==",
            "media_link": "https://storage.googleapis.com/download/storage/v1/b/e6455f754ba26dbe-minipay-cloud-fn-source/o/minipay-airdrop-1-0-1-590cbf56c81a71c355cbe134bc7cb003cf0d3dc5.zip?generation=1721988670642721\u0026alt=media",
            "metadata": null,
            "name": "minipay-airdrop-1-0-1-590cbf56c81a71c355cbe134bc7cb003cf0d3dc5.zip",
            "output_name": "minipay-airdrop-1-0-1-590cbf56c81a71c355cbe134bc7cb003cf0d3dc5.zip",
            "retention": [],
            "self_link": "https://www.googleapis.com/storage/v1/b/e6455f754ba26dbe-minipay-cloud-fn-source/o/minipay-airdrop-1-0-1-590cbf56c81a71c355cbe134bc7cb003cf0d3dc5.zip",
            "source": "/tmp/build-427ce592a9be366d/minipay-airdrop-1-0-1-590cbf56c81a71c355cbe134bc7cb003cf0d3dc5.zip",
            "storage_class": "STANDARD",
            "temporary_hold": false,
            "timeouts": null
          },
          "sensitive_attributes": [
            [
              {
                "type": "get_attr",
                "value": "content"
              }
            ]
          ],
          "private": "eyJlMmJmYjczMC1lY2FhLTExZTYtOGY4OC0zNDM2M2JjN2M0YzAiOnsiY3JlYXRlIjoyNDAwMDAwMDAwMDAsImRlbGV0ZSI6MjQwMDAwMDAwMDAwLCJ1cGRhdGUiOjI0MDAwMDAwMDAwMH19",
          "dependencies": [
            "module.build.data.archive_file.source",
            "module.build.data.external.git",
            "module.build.null_resource.build_and_pack",
            "module.build.null_resource.unpack",
            "module.build.random_id.build_id",
            "module.internal_cf.google_storage_bucket.source",
            "module.internal_cf.random_id.bucket"
          ]
        }
      ]
    },
    {
      "module": "module.internal_cf",
      "mode": "managed",
      "type": "random_id",
      "name": "bucket",
      "provider": "provider[\"registry.terraform.io/hashicorp/random\"]",
      "instances": [
        {
          "schema_version": 0,
          "attributes": {
            "b64_std": "5kVfdUuibb4=",
            "b64_url": "5kVfdUuibb4",
            "byte_length": 8,
            "dec": "16592773359501209022",
            "hex": "e6455f754ba26dbe",
            "id": "5kVfdUuibb4",
            "keepers": null,
            "prefix": null
          },
          "sensitive_attributes": []
        }
      ]
    }
  ],
  "check_results": null
}
