{
  "version": 4,
  "terraform_version": "1.9.2",
  "serial": 307,
  "lineage": "554aca94-1b00-0f50-6a10-be6a517357f6",
  "outputs": {
    "function_uris": {
      "value": {
        "checkpoint_balances": "https://checkpoint-balances-a4neydykmq-uc.a.run.app"
      },
      "type": [
        "object",
        {
          "checkpoint_balances": "string"
        }
      ]
    }
  },
  "resources": [
    {
      "mode": "data",
      "type": "archive_file",
      "name": "source",
      "provider": "provider[\"registry.terraform.io/hashicorp/archive\"]",
      "instances": [
        {
          "schema_version": 0,
          "attributes": {
            "exclude_symlink_directories": null,
            "excludes": null,
            "id": "f30325aa0b23c4501619fbc64fa5ba8e37c01878",
            "output_base64sha256": "uDElotED1Xm5Z0fNCOVZEAOVIubkwgsiD7Hyc/HXAY0=",
            "output_base64sha512": "ZMuEHAFa0hyXeJVbkKuM0Df62tHulgfpdZrLbHVNS+9+6HIU8QFEFoCVOcDr1yOqOg8yGPDosAI2SdV1mxaBrA==",
            "output_file_mode": null,
            "output_md5": "d00615887dd6ec6b435dae872b79f834",
            "output_path": "../.staging/minipay-airdrop-1.0.0.zip",
            "output_sha": "f30325aa0b23c4501619fbc64fa5ba8e37c01878",
            "output_sha256": "b83125a2d103d579b96747cd08e55910039522e6e4c20b220fb1f273f1d7018d",
            "output_sha512": "64cb841c015ad21c9778955b90ab8cd037fadad1ee9607e9759acb6c754d4bef7ee87214f1014416809539c0ebd723aa3a0f3218f0e8b0023649d5759b1681ac",
            "output_size": 2228,
            "source": [],
            "source_content": null,
            "source_content_filename": null,
            "source_dir": "../.staging/package",
            "source_file": null,
            "type": "zip"
          },
          "sensitive_attributes": []
        }
      ]
    },
    {
      "mode": "managed",
      "type": "google_cloudfunctions2_function",
      "name": "functions",
      "provider": "provider[\"registry.terraform.io/hashicorp/google\"]",
      "instances": [
        {
          "index_key": "checkpoint_balances",
          "schema_version": 0,
          "attributes": {
            "build_config": [
              {
                "automatic_update_policy": [
                  {}
                ],
                "build": "projects/12390052758/locations/us-central1/builds/ab31e4b3-44b7-4ddd-98c3-03a83807c326",
                "docker_repository": "projects/mento-prod/locations/us-central1/repositories/gcf-artifacts",
                "entry_point": "checkpointBalances",
                "environment_variables": {
                  "SOURCE_SHA": "f30325aa0b23c4501619fbc64fa5ba8e37c01878"
                },
                "on_deploy_update_policy": [],
                "runtime": "nodejs20",
                "service_account": "",
                "source": [
                  {
                    "repo_source": [],
                    "storage_source": [
                      {
                        "bucket": "430ea7a0c62dd61e-minipay-cloud-fn-source",
                        "generation": 1721422568877568,
                        "object": "minipay-airdrop-1.0.0-f30325aa0b23c4501619fbc64fa5ba8e37c01878.zip"
                      }
                    ]
                  }
                ],
                "worker_pool": ""
              }
            ],
            "description": "minipay-airdrop-function",
            "effective_labels": {
              "version-sha": "f30325aa0b23c4501619fbc64fa5ba8e37c01878"
            },
            "environment": "GEN_2",
            "event_trigger": [],
            "id": "projects/mento-prod/locations/us-central1/functions/checkpoint_balances",
            "kms_key_name": "",
            "labels": {
              "deployment-tool": "",
              "version-sha": "f30325aa0b23c4501619fbc64fa5ba8e37c01878"
            },
            "location": "us-central1",
            "name": "checkpoint_balances",
            "project": "mento-prod",
            "service_config": [
              {
                "all_traffic_on_latest_revision": true,
                "available_cpu": "0.1666",
                "available_memory": "256M",
                "environment_variables": {
                  "LOG_EXECUTION_ID": "true"
                },
                "gcf_uri": "",
                "ingress_settings": "ALLOW_ALL",
                "max_instance_count": 1,
                "max_instance_request_concurrency": 1,
                "min_instance_count": 0,
                "secret_environment_variables": [],
                "secret_volumes": [],
                "service": "projects/mento-prod/locations/us-central1/services/checkpoint-balances",
                "service_account_email": "12390052758-compute@developer.gserviceaccount.com",
                "timeout_seconds": 60,
                "uri": "https://checkpoint-balances-a4neydykmq-uc.a.run.app",
                "vpc_connector": "",
                "vpc_connector_egress_settings": ""
              }
            ],
            "state": "ACTIVE",
            "terraform_labels": {
              "deployment-tool": "",
              "version-sha": "f30325aa0b23c4501619fbc64fa5ba8e37c01878"
            },
            "timeouts": null,
            "update_time": "2024-07-19T20:57:26.976042860Z",
            "url": "https://us-central1-mento-prod.cloudfunctions.net/checkpoint_balances"
          },
          "sensitive_attributes": [],
          "private": "eyJlMmJmYjczMC1lY2FhLTExZTYtOGY4OC0zNDM2M2JjN2M0YzAiOnsiY3JlYXRlIjozNjAwMDAwMDAwMDAwLCJkZWxldGUiOjM2MDAwMDAwMDAwMDAsInVwZGF0ZSI6MzYwMDAwMDAwMDAwMH19",
          "dependencies": [
            "data.archive_file.source",
            "google_storage_bucket.default",
            "google_storage_bucket_object.source",
            "null_resource.build_and_pack",
            "null_resource.clean_staging",
            "null_resource.unpack",
            "random_id.default"
          ]
        }
      ]
    },
    {
      "mode": "managed",
      "type": "google_storage_bucket",
      "name": "default",
      "provider": "provider[\"registry.terraform.io/hashicorp/google\"]",
      "instances": [
        {
          "schema_version": 1,
          "attributes": {
            "autoclass": [],
            "cors": [],
            "custom_placement_config": [],
            "default_event_based_hold": false,
            "effective_labels": {},
            "enable_object_retention": false,
            "encryption": [],
            "force_destroy": false,
            "id": "430ea7a0c62dd61e-minipay-cloud-fn-source",
            "labels": {},
            "lifecycle_rule": [],
            "location": "US",
            "logging": [],
            "name": "430ea7a0c62dd61e-minipay-cloud-fn-source",
            "project": "mento-prod",
            "project_number": 12390052758,
            "public_access_prevention": "inherited",
            "requester_pays": false,
            "retention_policy": [],
            "rpo": "DEFAULT",
            "self_link": "https://www.googleapis.com/storage/v1/b/430ea7a0c62dd61e-minipay-cloud-fn-source",
            "soft_delete_policy": [
              {
                "effective_time": "2024-07-19T20:27:17.123Z",
                "retention_duration_seconds": 604800
              }
            ],
            "storage_class": "STANDARD",
            "terraform_labels": {},
            "timeouts": null,
            "uniform_bucket_level_access": true,
            "url": "gs://430ea7a0c62dd61e-minipay-cloud-fn-source",
            "versioning": [],
            "website": []
          },
          "sensitive_attributes": [],
          "private": "eyJlMmJmYjczMC1lY2FhLTExZTYtOGY4OC0zNDM2M2JjN2M0YzAiOnsiY3JlYXRlIjo2MDAwMDAwMDAwMDAsInJlYWQiOjI0MDAwMDAwMDAwMCwidXBkYXRlIjoyNDAwMDAwMDAwMDB9LCJzY2hlbWFfdmVyc2lvbiI6IjEifQ==",
          "dependencies": [
            "random_id.default"
          ]
        }
      ]
    },
    {
      "mode": "managed",
      "type": "google_storage_bucket_object",
      "name": "source",
      "provider": "provider[\"registry.terraform.io/hashicorp/google\"]",
      "instances": [
        {
          "schema_version": 0,
          "attributes": {
            "bucket": "430ea7a0c62dd61e-minipay-cloud-fn-source",
            "cache_control": "",
            "content": null,
            "content_disposition": "",
            "content_encoding": "",
            "content_language": "",
            "content_type": "application/zip",
            "crc32c": "mZztRA==",
            "customer_encryption": [],
            "detect_md5hash": "0AYViH3W7GtDXa6HK3n4NA==",
            "event_based_hold": false,
            "id": "430ea7a0c62dd61e-minipay-cloud-fn-source-minipay-airdrop-1.0.0-f30325aa0b23c4501619fbc64fa5ba8e37c01878.zip",
            "kms_key_name": "",
            "md5hash": "0AYViH3W7GtDXa6HK3n4NA==",
            "media_link": "https://storage.googleapis.com/download/storage/v1/b/430ea7a0c62dd61e-minipay-cloud-fn-source/o/minipay-airdrop-1.0.0-f30325aa0b23c4501619fbc64fa5ba8e37c01878.zip?generation=1721422567052701\u0026alt=media",
            "metadata": null,
            "name": "minipay-airdrop-1.0.0-f30325aa0b23c4501619fbc64fa5ba8e37c01878.zip",
            "output_name": "minipay-airdrop-1.0.0-f30325aa0b23c4501619fbc64fa5ba8e37c01878.zip",
            "retention": [],
            "self_link": "https://www.googleapis.com/storage/v1/b/430ea7a0c62dd61e-minipay-cloud-fn-source/o/minipay-airdrop-1.0.0-f30325aa0b23c4501619fbc64fa5ba8e37c01878.zip",
            "source": "../.staging/minipay-airdrop-1.0.0.zip",
            "storage_class": "STANDARD",
            "temporary_hold": false,
            "timeouts": null
          },
          "sensitive_attributes": [
            [
              {
                "type": "get_attr",
                "value": "content"
              }
            ]
          ],
          "private": "eyJlMmJmYjczMC1lY2FhLTExZTYtOGY4OC0zNDM2M2JjN2M0YzAiOnsiY3JlYXRlIjoyNDAwMDAwMDAwMDAsImRlbGV0ZSI6MjQwMDAwMDAwMDAwLCJ1cGRhdGUiOjI0MDAwMDAwMDAwMH19",
          "dependencies": [
            "data.archive_file.source",
            "google_storage_bucket.default",
            "null_resource.build_and_pack",
            "null_resource.clean_staging",
            "null_resource.unpack",
            "random_id.default"
          ]
        }
      ]
    },
    {
      "mode": "managed",
      "type": "null_resource",
      "name": "build_and_pack",
      "provider": "provider[\"registry.terraform.io/hashicorp/null\"]",
      "instances": [
        {
          "schema_version": 0,
          "attributes": {
            "id": "5221352661514337575",
            "triggers": {
              "always_run": "2024-07-19T20:56:05Z"
            }
          },
          "sensitive_attributes": [],
          "dependencies": [
            "null_resource.clean_staging"
          ]
        }
      ]
    },
    {
      "mode": "managed",
      "type": "null_resource",
      "name": "clean_staging",
      "provider": "provider[\"registry.terraform.io/hashicorp/null\"]",
      "instances": [
        {
          "schema_version": 0,
          "attributes": {
            "id": "6265353921571770339",
            "triggers": {
              "always_run": "2024-07-19T20:56:05Z"
            }
          },
          "sensitive_attributes": []
        }
      ]
    },
    {
      "mode": "managed",
      "type": "null_resource",
      "name": "unpack",
      "provider": "provider[\"registry.terraform.io/hashicorp/null\"]",
      "instances": [
        {
          "schema_version": 0,
          "attributes": {
            "id": "5728129131781893349",
            "triggers": {
              "always_run": "2024-07-19T20:56:06Z"
            }
          },
          "sensitive_attributes": [],
          "dependencies": [
            "null_resource.build_and_pack",
            "null_resource.clean_staging"
          ]
        }
      ]
    },
    {
      "mode": "managed",
      "type": "random_id",
      "name": "default",
      "provider": "provider[\"registry.terraform.io/hashicorp/random\"]",
      "instances": [
        {
          "schema_version": 0,
          "attributes": {
            "b64_std": "Qw6noMYt1h4=",
            "b64_url": "Qw6noMYt1h4",
            "byte_length": 8,
            "dec": "4831983759176619550",
            "hex": "430ea7a0c62dd61e",
            "id": "Qw6noMYt1h4",
            "keepers": null,
            "prefix": null
          },
          "sensitive_attributes": []
        }
      ]
    }
  ],
  "check_results": null
}
